// !$*UTF8*$!
{
	archiveVersion = 1;
	classes = {
	};
	objectVersion = 48;
	objects = {

/* Begin PBXBuildFile section */
		18246ED522CA8B2B0032D6F7 /* PlugPag.bundle in Resources */ = {isa = PBXBuildFile; fileRef = 18246ED322CA8B2B0032D6F7 /* PlugPag.bundle */; };
		18246ED822CA8B3D0032D6F7 /* UIUtils.swift in Sources */ = {isa = PBXBuildFile; fileRef = 18246ED722CA8B3D0032D6F7 /* UIUtils.swift */; };
		185C8BB22046EF5000938506 /* PlugPagCafe.swift in Sources */ = {isa = PBXBuildFile; fileRef = 185C8BB12046EF5000938506 /* PlugPagCafe.swift */; };
		185C8BB4204722B200938506 /* ListViewController.swift in Sources */ = {isa = PBXBuildFile; fileRef = 185C8BB3204722B200938506 /* ListViewController.swift */; };
		187B22B5206AAB9600C4FDA4 /* TableViewController.swift in Sources */ = {isa = PBXBuildFile; fileRef = 187B22B4206AAB9600C4FDA4 /* TableViewController.swift */; };
		18A1A8A3204598B400AC93E2 /* AppDelegate.swift in Sources */ = {isa = PBXBuildFile; fileRef = 18A1A8A2204598B400AC93E2 /* AppDelegate.swift */; };
		18A1A8A5204598B400AC93E2 /* MainViewController.swift in Sources */ = {isa = PBXBuildFile; fileRef = 18A1A8A4204598B400AC93E2 /* MainViewController.swift */; };
		18A1A8A8204598B400AC93E2 /* Main.storyboard in Resources */ = {isa = PBXBuildFile; fileRef = 18A1A8A6204598B400AC93E2 /* Main.storyboard */; };
		18A1A8AA204598B400AC93E2 /* Assets.xcassets in Resources */ = {isa = PBXBuildFile; fileRef = 18A1A8A9204598B400AC93E2 /* Assets.xcassets */; };
		18A1A8AD204598B400AC93E2 /* LaunchScreen.storyboard in Resources */ = {isa = PBXBuildFile; fileRef = 18A1A8AB204598B400AC93E2 /* LaunchScreen.storyboard */; };
		18A1A8B72045995200AC93E2 /* libPlugPag.a in Frameworks */ = {isa = PBXBuildFile; fileRef = 18A1A8B62045995200AC93E2 /* libPlugPag.a */; };
		18A1A8BB2045A1E500AC93E2 /* DeviceViewController.swift in Sources */ = {isa = PBXBuildFile; fileRef = 18A1A8BA2045A1E500AC93E2 /* DeviceViewController.swift */; };
		18ACC855219CA68000469B1C /* InstallmentsTableViewController.swift in Sources */ = {isa = PBXBuildFile; fileRef = 18ACC854219CA68000469B1C /* InstallmentsTableViewController.swift */; };
		E6C403A11CEF25BA92E2BDD5 /* libPods-PlugPagCafe-Swift.a in Frameworks */ = {isa = PBXBuildFile; fileRef = 477F51F4D4B46FE1F320D855 /* libPods-PlugPagCafe-Swift.a */; };
/* End PBXBuildFile section */

/* Begin PBXFileReference section */
		18246ECE22CA8B2B0032D6F7 /* PlugPagAbortResult.h */ = {isa = PBXFileReference; fileEncoding = 4; lastKnownFileType = sourcecode.c.h; path = PlugPagAbortResult.h; sourceTree = "<group>"; };
		18246ECF22CA8B2B0032D6F7 /* PlugPagPaymentData.h */ = {isa = PBXFileReference; fileEncoding = 4; lastKnownFileType = sourcecode.c.h; path = PlugPagPaymentData.h; sourceTree = "<group>"; };
		18246ED022CA8B2B0032D6F7 /* PlugPagDevice.h */ = {isa = PBXFileReference; fileEncoding = 4; lastKnownFileType = sourcecode.c.h; path = PlugPagDevice.h; sourceTree = "<group>"; };
		18246ED122CA8B2B0032D6F7 /* PlugPag.h */ = {isa = PBXFileReference; fileEncoding = 4; lastKnownFileType = sourcecode.c.h; path = PlugPag.h; sourceTree = "<group>"; };
		18246ED222CA8B2B0032D6F7 /* PlugPagTransactionResult.h */ = {isa = PBXFileReference; fileEncoding = 4; lastKnownFileType = sourcecode.c.h; path = PlugPagTransactionResult.h; sourceTree = "<group>"; };
		18246ED322CA8B2B0032D6F7 /* PlugPag.bundle */ = {isa = PBXFileReference; lastKnownFileType = "wrapper.plug-in"; path = PlugPag.bundle; sourceTree = "<group>"; };
		18246ED422CA8B2B0032D6F7 /* PlugPagVoidData.h */ = {isa = PBXFileReference; fileEncoding = 4; lastKnownFileType = sourcecode.c.h; path = PlugPagVoidData.h; sourceTree = "<group>"; };
		18246ED722CA8B3D0032D6F7 /* UIUtils.swift */ = {isa = PBXFileReference; fileEncoding = 4; lastKnownFileType = sourcecode.swift; path = UIUtils.swift; sourceTree = "<group>"; };
		185C8BB12046EF5000938506 /* PlugPagCafe.swift */ = {isa = PBXFileReference; lastKnownFileType = sourcecode.swift; path = PlugPagCafe.swift; sourceTree = "<group>"; };
		185C8BB3204722B200938506 /* ListViewController.swift */ = {isa = PBXFileReference; lastKnownFileType = sourcecode.swift; path = ListViewController.swift; sourceTree = "<group>"; };
		187B22B4206AAB9600C4FDA4 /* TableViewController.swift */ = {isa = PBXFileReference; lastKnownFileType = sourcecode.swift; path = TableViewController.swift; sourceTree = "<group>"; };
		18A1A89F204598B400AC93E2 /* PlugPagCafe-Swift.app */ = {isa = PBXFileReference; explicitFileType = wrapper.application; includeInIndex = 0; path = "PlugPagCafe-Swift.app"; sourceTree = BUILT_PRODUCTS_DIR; };
		18A1A8A2204598B400AC93E2 /* AppDelegate.swift */ = {isa = PBXFileReference; lastKnownFileType = sourcecode.swift; path = AppDelegate.swift; sourceTree = "<group>"; };
		18A1A8A4204598B400AC93E2 /* MainViewController.swift */ = {isa = PBXFileReference; lastKnownFileType = sourcecode.swift; path = MainViewController.swift; sourceTree = "<group>"; };
		18A1A8A7204598B400AC93E2 /* Base */ = {isa = PBXFileReference; lastKnownFileType = file.storyboard; name = Base; path = Base.lproj/Main.storyboard; sourceTree = "<group>"; };
		18A1A8A9204598B400AC93E2 /* Assets.xcassets */ = {isa = PBXFileReference; lastKnownFileType = folder.assetcatalog; path = Assets.xcassets; sourceTree = "<group>"; };
		18A1A8AC204598B400AC93E2 /* Base */ = {isa = PBXFileReference; lastKnownFileType = file.storyboard; name = Base; path = Base.lproj/LaunchScreen.storyboard; sourceTree = "<group>"; };
		18A1A8AE204598B400AC93E2 /* Info.plist */ = {isa = PBXFileReference; lastKnownFileType = text.plist.xml; path = Info.plist; sourceTree = "<group>"; };
		18A1A8B62045995200AC93E2 /* libPlugPag.a */ = {isa = PBXFileReference; lastKnownFileType = archive.ar; name = libPlugPag.a; path = "PlugPagCafe-Swift/libPlugPag.a"; sourceTree = "<group>"; };
		18A1A8B920459B2D00AC93E2 /* PlugPagCafe-Swift-Bridging-Header.h */ = {isa = PBXFileReference; lastKnownFileType = sourcecode.c.h; path = "PlugPagCafe-Swift-Bridging-Header.h"; sourceTree = "<group>"; };
		18A1A8BA2045A1E500AC93E2 /* DeviceViewController.swift */ = {isa = PBXFileReference; lastKnownFileType = sourcecode.swift; path = DeviceViewController.swift; sourceTree = "<group>"; };
		18ACC854219CA68000469B1C /* InstallmentsTableViewController.swift */ = {isa = PBXFileReference; lastKnownFileType = sourcecode.swift; path = InstallmentsTableViewController.swift; sourceTree = "<group>"; };
		2430D283929404360502B763 /* Pods-PlugPagCafe-Swift.release.xcconfig */ = {isa = PBXFileReference; includeInIndex = 1; lastKnownFileType = text.xcconfig; name = "Pods-PlugPagCafe-Swift.release.xcconfig"; path = "Pods/Target Support Files/Pods-PlugPagCafe-Swift/Pods-PlugPagCafe-Swift.release.xcconfig"; sourceTree = "<group>"; };
		477F51F4D4B46FE1F320D855 /* libPods-PlugPagCafe-Swift.a */ = {isa = PBXFileReference; explicitFileType = archive.ar; includeInIndex = 0; path = "libPods-PlugPagCafe-Swift.a"; sourceTree = BUILT_PRODUCTS_DIR; };
		D326168856C227CF66C3D445 /* Pods-PlugPagCafe-Swift.debug.xcconfig */ = {isa = PBXFileReference; includeInIndex = 1; lastKnownFileType = text.xcconfig; name = "Pods-PlugPagCafe-Swift.debug.xcconfig"; path = "Pods/Target Support Files/Pods-PlugPagCafe-Swift/Pods-PlugPagCafe-Swift.debug.xcconfig"; sourceTree = "<group>"; };
/* End PBXFileReference section */

/* Begin PBXFrameworksBuildPhase section */
		18A1A89C204598B400AC93E2 /* Frameworks */ = {
			isa = PBXFrameworksBuildPhase;
			buildActionMask = 2147483647;
			files = (
				18A1A8B72045995200AC93E2 /* libPlugPag.a in Frameworks */,
				E6C403A11CEF25BA92E2BDD5 /* libPods-PlugPagCafe-Swift.a in Frameworks */,
			);
			runOnlyForDeploymentPostprocessing = 0;
		};
/* End PBXFrameworksBuildPhase section */

/* Begin PBXGroup section */
		18246ECD22CA8B0E0032D6F7 /* libPlugPag */ = {
			isa = PBXGroup;
			children = (
				18246ED322CA8B2B0032D6F7 /* PlugPag.bundle */,
				18246ED122CA8B2B0032D6F7 /* PlugPag.h */,
				18246ECE22CA8B2B0032D6F7 /* PlugPagAbortResult.h */,
				18246ED022CA8B2B0032D6F7 /* PlugPagDevice.h */,
				18246ECF22CA8B2B0032D6F7 /* PlugPagPaymentData.h */,
				18246ED222CA8B2B0032D6F7 /* PlugPagTransactionResult.h */,
				18246ED422CA8B2B0032D6F7 /* PlugPagVoidData.h */,
			);
			name = libPlugPag;
			sourceTree = "<group>";
		};
		18246ED622CA8B330032D6F7 /* utils */ = {
			isa = PBXGroup;
			children = (
				18246ED722CA8B3D0032D6F7 /* UIUtils.swift */,
			);
			name = utils;
			sourceTree = "<group>";
		};
		18A1A896204598B400AC93E2 = {
			isa = PBXGroup;
			children = (
				18A1A8B920459B2D00AC93E2 /* PlugPagCafe-Swift-Bridging-Header.h */,
				18A1A8A1204598B400AC93E2 /* PlugPagCafe-Swift */,
				18A1A8A0204598B400AC93E2 /* Products */,
				18A1A8B52045995200AC93E2 /* Frameworks */,
				A47E229B83D3B2FD5BCAA71A /* Pods */,
			);
			sourceTree = "<group>";
		};
		18A1A8A0204598B400AC93E2 /* Products */ = {
			isa = PBXGroup;
			children = (
				18A1A89F204598B400AC93E2 /* PlugPagCafe-Swift.app */,
			);
			name = Products;
			sourceTree = "<group>";
		};
		18A1A8A1204598B400AC93E2 /* PlugPagCafe-Swift */ = {
			isa = PBXGroup;
			children = (
				18246ED622CA8B330032D6F7 /* utils */,
				18246ECD22CA8B0E0032D6F7 /* libPlugPag */,
				18A1A8CB2045A9A700AC93E2 /* controller */,
				18A1A8A2204598B400AC93E2 /* AppDelegate.swift */,
				18A1A8A6204598B400AC93E2 /* Main.storyboard */,
				18A1A8A9204598B400AC93E2 /* Assets.xcassets */,
				18A1A8AB204598B400AC93E2 /* LaunchScreen.storyboard */,
				18A1A8AE204598B400AC93E2 /* Info.plist */,
				185C8BB12046EF5000938506 /* PlugPagCafe.swift */,
			);
			path = "PlugPagCafe-Swift";
			sourceTree = "<group>";
		};
		18A1A8B52045995200AC93E2 /* Frameworks */ = {
			isa = PBXGroup;
			children = (
				18A1A8B62045995200AC93E2 /* libPlugPag.a */,
				477F51F4D4B46FE1F320D855 /* libPods-PlugPagCafe-Swift.a */,
			);
			name = Frameworks;
			sourceTree = "<group>";
		};
		18A1A8CB2045A9A700AC93E2 /* controller */ = {
			isa = PBXGroup;
			children = (
				18A1A8A4204598B400AC93E2 /* MainViewController.swift */,
				18A1A8BA2045A1E500AC93E2 /* DeviceViewController.swift */,
				185C8BB3204722B200938506 /* ListViewController.swift */,
				187B22B4206AAB9600C4FDA4 /* TableViewController.swift */,
				18ACC854219CA68000469B1C /* InstallmentsTableViewController.swift */,
			);
			path = controller;
			sourceTree = "<group>";
		};
		A47E229B83D3B2FD5BCAA71A /* Pods */ = {
			isa = PBXGroup;
			children = (
				D326168856C227CF66C3D445 /* Pods-PlugPagCafe-Swift.debug.xcconfig */,
				2430D283929404360502B763 /* Pods-PlugPagCafe-Swift.release.xcconfig */,
			);
			name = Pods;
			sourceTree = "<group>";
		};
/* End PBXGroup section */

/* Begin PBXNativeTarget section */
		18A1A89E204598B400AC93E2 /* PlugPagCafe-Swift */ = {
			isa = PBXNativeTarget;
			buildConfigurationList = 18A1A8B1204598B400AC93E2 /* Build configuration list for PBXNativeTarget "PlugPagCafe-Swift" */;
			buildPhases = (
				917778AD72D3CD4B345A1255 /* [CP] Check Pods Manifest.lock */,
				18A1A89B204598B400AC93E2 /* Sources */,
				18A1A89C204598B400AC93E2 /* Frameworks */,
				18A1A89D204598B400AC93E2 /* Resources */,
				53903E1830E780B85CCECA2C /* [CP] Copy Pods Resources */,
			);
			buildRules = (
			);
			dependencies = (
			);
			name = "PlugPagCafe-Swift";
			productName = "PlugPagCafe-Swift";
			productReference = 18A1A89F204598B400AC93E2 /* PlugPagCafe-Swift.app */;
			productType = "com.apple.product-type.application";
		};
/* End PBXNativeTarget section */

/* Begin PBXProject section */
		18A1A897204598B400AC93E2 /* Project object */ = {
			isa = PBXProject;
			attributes = {
				LastSwiftUpdateCheck = 0920;
				LastUpgradeCheck = 0920;
				ORGANIZATIONNAME = "UOL Pagseguro";
				TargetAttributes = {
					18A1A89E204598B400AC93E2 = {
						CreatedOnToolsVersion = 9.2;
						ProvisioningStyle = Automatic;
					};
				};
			};
			buildConfigurationList = 18A1A89A204598B400AC93E2 /* Build configuration list for PBXProject "PlugPagCafe-Swift" */;
			compatibilityVersion = "Xcode 8.0";
			developmentRegion = en;
			hasScannedForEncodings = 0;
			knownRegions = (
				en,
				Base,
			);
			mainGroup = 18A1A896204598B400AC93E2;
			productRefGroup = 18A1A8A0204598B400AC93E2 /* Products */;
			projectDirPath = "";
			projectRoot = "";
			targets = (
				18A1A89E204598B400AC93E2 /* PlugPagCafe-Swift */,
			);
		};
/* End PBXProject section */

/* Begin PBXResourcesBuildPhase section */
		18A1A89D204598B400AC93E2 /* Resources */ = {
			isa = PBXResourcesBuildPhase;
			buildActionMask = 2147483647;
			files = (
				18A1A8AD204598B400AC93E2 /* LaunchScreen.storyboard in Resources */,
				18A1A8AA204598B400AC93E2 /* Assets.xcassets in Resources */,
				18246ED522CA8B2B0032D6F7 /* PlugPag.bundle in Resources */,
				18A1A8A8204598B400AC93E2 /* Main.storyboard in Resources */,
			);
			runOnlyForDeploymentPostprocessing = 0;
		};
/* End PBXResourcesBuildPhase section */

/* Begin PBXShellScriptBuildPhase section */
		53903E1830E780B85CCECA2C /* [CP] Copy Pods Resources */ = {
			isa = PBXShellScriptBuildPhase;
			buildActionMask = 2147483647;
			files = (
			);
			inputPaths = (
				"${SRCROOT}/Pods/Target Support Files/Pods-PlugPagCafe-Swift/Pods-PlugPagCafe-Swift-resources.sh",
				"${PODS_ROOT}/SVProgressHUD/SVProgressHUD/SVProgressHUD.bundle",
			);
			name = "[CP] Copy Pods Resources";
			outputPaths = (
				"${TARGET_BUILD_DIR}/${UNLOCALIZED_RESOURCES_FOLDER_PATH}/SVProgressHUD.bundle",
			);
			runOnlyForDeploymentPostprocessing = 0;
			shellPath = /bin/sh;
			shellScript = "\"${SRCROOT}/Pods/Target Support Files/Pods-PlugPagCafe-Swift/Pods-PlugPagCafe-Swift-resources.sh\"\n";
			showEnvVarsInLog = 0;
		};
		917778AD72D3CD4B345A1255 /* [CP] Check Pods Manifest.lock */ = {
			isa = PBXShellScriptBuildPhase;
			buildActionMask = 2147483647;
			files = (
			);
			inputPaths = (
				"${PODS_PODFILE_DIR_PATH}/Podfile.lock",
				"${PODS_ROOT}/Manifest.lock",
			);
			name = "[CP] Check Pods Manifest.lock";
			outputPaths = (
				"$(DERIVED_FILE_DIR)/Pods-PlugPagCafe-Swift-checkManifestLockResult.txt",
			);
			runOnlyForDeploymentPostprocessing = 0;
			shellPath = /bin/sh;
			shellScript = "diff \"${PODS_PODFILE_DIR_PATH}/Podfile.lock\" \"${PODS_ROOT}/Manifest.lock\" > /dev/null\nif [ $? != 0 ] ; then\n    # print error to STDERR\n    echo \"error: The sandbox is not in sync with the Podfile.lock. Run 'pod install' or update your CocoaPods installation.\" >&2\n    exit 1\nfi\n# This output is used by Xcode 'outputs' to avoid re-running this script phase.\necho \"SUCCESS\" > \"${SCRIPT_OUTPUT_FILE_0}\"\n";
			showEnvVarsInLog = 0;
		};
/* End PBXShellScriptBuildPhase section */

/* Begin PBXSourcesBuildPhase section */
		18A1A89B204598B400AC93E2 /* Sources */ = {
			isa = PBXSourcesBuildPhase;
			buildActionMask = 2147483647;
			files = (
				18A1A8A5204598B400AC93E2 /* MainViewController.swift in Sources */,
				187B22B5206AAB9600C4FDA4 /* TableViewController.swift in Sources */,
				18A1A8BB2045A1E500AC93E2 /* DeviceViewController.swift in Sources */,
				185C8BB4204722B200938506 /* ListViewController.swift in Sources */,
				18A1A8A3204598B400AC93E2 /* AppDelegate.swift in Sources */,
				18ACC855219CA68000469B1C /* InstallmentsTableViewController.swift in Sources */,
				185C8BB22046EF5000938506 /* PlugPagCafe.swift in Sources */,
				18246ED822CA8B3D0032D6F7 /* UIUtils.swift in Sources */,
			);
			runOnlyForDeploymentPostprocessing = 0;
		};
/* End PBXSourcesBuildPhase section */

/* Begin PBXVariantGroup section */
		18A1A8A6204598B400AC93E2 /* Main.storyboard */ = {
			isa = PBXVariantGroup;
			children = (
				18A1A8A7204598B400AC93E2 /* Base */,
			);
			name = Main.storyboard;
			sourceTree = "<group>";
		};
		18A1A8AB204598B400AC93E2 /* LaunchScreen.storyboard */ = {
			isa = PBXVariantGroup;
			children = (
				18A1A8AC204598B400AC93E2 /* Base */,
			);
			name = LaunchScreen.storyboard;
			sourceTree = "<group>";
		};
/* End PBXVariantGroup section */

/* Begin XCBuildConfiguration section */
		18A1A8AF204598B400AC93E2 /* Debug */ = {
			isa = XCBuildConfiguration;
			buildSettings = {
				ALWAYS_SEARCH_USER_PATHS = NO;
				CLANG_ANALYZER_NONNULL = YES;
				CLANG_ANALYZER_NUMBER_OBJECT_CONVERSION = YES_AGGRESSIVE;
				CLANG_CXX_LANGUAGE_STANDARD = "gnu++14";
				CLANG_CXX_LIBRARY = "libc++";
				CLANG_ENABLE_MODULES = YES;
				CLANG_ENABLE_OBJC_ARC = YES;
				CLANG_WARN_BLOCK_CAPTURE_AUTORELEASING = YES;
				CLANG_WARN_BOOL_CONVERSION = YES;
				CLANG_WARN_COMMA = YES;
				CLANG_WARN_CONSTANT_CONVERSION = YES;
				CLANG_WARN_DIRECT_OBJC_ISA_USAGE = YES_ERROR;
				CLANG_WARN_DOCUMENTATION_COMMENTS = YES;
				CLANG_WARN_EMPTY_BODY = YES;
				CLANG_WARN_ENUM_CONVERSION = YES;
				CLANG_WARN_INFINITE_RECURSION = YES;
				CLANG_WARN_INT_CONVERSION = YES;
				CLANG_WARN_NON_LITERAL_NULL_CONVERSION = YES;
				CLANG_WARN_OBJC_LITERAL_CONVERSION = YES;
				CLANG_WARN_OBJC_ROOT_CLASS = YES_ERROR;
				CLANG_WARN_RANGE_LOOP_ANALYSIS = YES;
				CLANG_WARN_STRICT_PROTOTYPES = YES;
				CLANG_WARN_SUSPICIOUS_MOVE = YES;
				CLANG_WARN_UNGUARDED_AVAILABILITY = YES_AGGRESSIVE;
				CLANG_WARN_UNREACHABLE_CODE = YES;
				CLANG_WARN__DUPLICATE_METHOD_MATCH = YES;
				CODE_SIGN_IDENTITY = "iPhone Developer";
				COPY_PHASE_STRIP = NO;
				DEBUG_INFORMATION_FORMAT = dwarf;
				ENABLE_BITCODE = NO;
				ENABLE_STRICT_OBJC_MSGSEND = YES;
				ENABLE_TESTABILITY = YES;
				GCC_C_LANGUAGE_STANDARD = gnu11;
				GCC_DYNAMIC_NO_PIC = NO;
				GCC_NO_COMMON_BLOCKS = YES;
				GCC_OPTIMIZATION_LEVEL = 0;
				GCC_PREPROCESSOR_DEFINITIONS = (
					"DEBUG=1",
					"$(inherited)",
				);
				GCC_WARN_64_TO_32_BIT_CONVERSION = YES;
				GCC_WARN_ABOUT_RETURN_TYPE = YES_ERROR;
				GCC_WARN_UNDECLARED_SELECTOR = YES;
				GCC_WARN_UNINITIALIZED_AUTOS = YES_AGGRESSIVE;
				GCC_WARN_UNUSED_FUNCTION = YES;
				GCC_WARN_UNUSED_VARIABLE = YES;
				IPHONEOS_DEPLOYMENT_TARGET = 11.2;
				MTL_ENABLE_DEBUG_INFO = YES;
				ONLY_ACTIVE_ARCH = YES;
				SDKROOT = iphoneos;
				SWIFT_ACTIVE_COMPILATION_CONDITIONS = DEBUG;
				SWIFT_OPTIMIZATION_LEVEL = "-Onone";
			};
			name = Debug;
		};
		18A1A8B0204598B400AC93E2 /* Release */ = {
			isa = XCBuildConfiguration;
			buildSettings = {
				ALWAYS_SEARCH_USER_PATHS = NO;
				CLANG_ANALYZER_NONNULL = YES;
				CLANG_ANALYZER_NUMBER_OBJECT_CONVERSION = YES_AGGRESSIVE;
				CLANG_CXX_LANGUAGE_STANDARD = "gnu++14";
				CLANG_CXX_LIBRARY = "libc++";
				CLANG_ENABLE_MODULES = YES;
				CLANG_ENABLE_OBJC_ARC = YES;
				CLANG_WARN_BLOCK_CAPTURE_AUTORELEASING = YES;
				CLANG_WARN_BOOL_CONVERSION = YES;
				CLANG_WARN_COMMA = YES;
				CLANG_WARN_CONSTANT_CONVERSION = YES;
				CLANG_WARN_DIRECT_OBJC_ISA_USAGE = YES_ERROR;
				CLANG_WARN_DOCUMENTATION_COMMENTS = YES;
				CLANG_WARN_EMPTY_BODY = YES;
				CLANG_WARN_ENUM_CONVERSION = YES;
				CLANG_WARN_INFINITE_RECURSION = YES;
				CLANG_WARN_INT_CONVERSION = YES;
				CLANG_WARN_NON_LITERAL_NULL_CONVERSION = YES;
				CLANG_WARN_OBJC_LITERAL_CONVERSION = YES;
				CLANG_WARN_OBJC_ROOT_CLASS = YES_ERROR;
				CLANG_WARN_RANGE_LOOP_ANALYSIS = YES;
				CLANG_WARN_STRICT_PROTOTYPES = YES;
				CLANG_WARN_SUSPICIOUS_MOVE = YES;
				CLANG_WARN_UNGUARDED_AVAILABILITY = YES_AGGRESSIVE;
				CLANG_WARN_UNREACHABLE_CODE = YES;
				CLANG_WARN__DUPLICATE_METHOD_MATCH = YES;
				CODE_SIGN_IDENTITY = "iPhone Developer";
				COPY_PHASE_STRIP = NO;
				DEBUG_INFORMATION_FORMAT = "dwarf-with-dsym";
				ENABLE_BITCODE = NO;
				ENABLE_NS_ASSERTIONS = NO;
				ENABLE_STRICT_OBJC_MSGSEND = YES;
				GCC_C_LANGUAGE_STANDARD = gnu11;
				GCC_NO_COMMON_BLOCKS = YES;
				GCC_WARN_64_TO_32_BIT_CONVERSION = YES;
				GCC_WARN_ABOUT_RETURN_TYPE = YES_ERROR;
				GCC_WARN_UNDECLARED_SELECTOR = YES;
				GCC_WARN_UNINITIALIZED_AUTOS = YES_AGGRESSIVE;
				GCC_WARN_UNUSED_FUNCTION = YES;
				GCC_WARN_UNUSED_VARIABLE = YES;
				IPHONEOS_DEPLOYMENT_TARGET = 11.2;
				MTL_ENABLE_DEBUG_INFO = NO;
				SDKROOT = iphoneos;
				SWIFT_OPTIMIZATION_LEVEL = "-Owholemodule";
				VALIDATE_PRODUCT = YES;
			};
			name = Release;
		};
		18A1A8B2204598B400AC93E2 /* Debug */ = {
			isa = XCBuildConfiguration;
			baseConfigurationReference = D326168856C227CF66C3D445 /* Pods-PlugPagCafe-Swift.debug.xcconfig */;
			buildSettings = {
				ASSETCATALOG_COMPILER_APPICON_NAME = AppIcon;
				CODE_SIGN_STYLE = Automatic;
				DEVELOPMENT_TEAM = VC4W292XYC;
				ENABLE_BITCODE = NO;
				INFOPLIST_FILE = "PlugPagCafe-Swift/Info.plist";
				IPHONEOS_DEPLOYMENT_TARGET = 8.0;
				LD_RUNPATH_SEARCH_PATHS = "$(inherited) @executable_path/Frameworks";
				LIBRARY_SEARCH_PATHS = (
					"$(inherited)",
					"$(PROJECT_DIR)/PlugPagCafe-Swift",
				);
				PRODUCT_BUNDLE_IDENTIFIER = "uol.pagseguro.PlugPagCafe-Swift";
				PRODUCT_NAME = "$(TARGET_NAME)";
				SWIFT_OBJC_BRIDGING_HEADER = "PlugPagCafe-Swift-Bridging-Header.h";
				SWIFT_VERSION = 4.0;
				TARGETED_DEVICE_FAMILY = "1,2";
			};
			name = Debug;
		};
		18A1A8B3204598B400AC93E2 /* Release */ = {
			isa = XCBuildConfiguration;
			baseConfigurationReference = 2430D283929404360502B763 /* Pods-PlugPagCafe-Swift.release.xcconfig */;
			buildSettings = {
				ASSETCATALOG_COMPILER_APPICON_NAME = AppIcon;
				CODE_SIGN_STYLE = Automatic;
				DEVELOPMENT_TEAM = VC4W292XYC;
				ENABLE_BITCODE = NO;
				INFOPLIST_FILE = "PlugPagCafe-Swift/Info.plist";
				IPHONEOS_DEPLOYMENT_TARGET = 8.0;
				LD_RUNPATH_SEARCH_PATHS = "$(inherited) @executable_path/Frameworks";
				LIBRARY_SEARCH_PATHS = (
					"$(inherited)",
					"$(PROJECT_DIR)/PlugPagCafe-Swift",
				);
				PRODUCT_BUNDLE_IDENTIFIER = "uol.pagseguro.PlugPagCafe-Swift";
				PRODUCT_NAME = "$(TARGET_NAME)";
				SWIFT_OBJC_BRIDGING_HEADER = "PlugPagCafe-Swift-Bridging-Header.h";
				SWIFT_VERSION = 4.0;
				TARGETED_DEVICE_FAMILY = "1,2";
			};
			name = Release;
		};
/* End XCBuildConfiguration section */

/* Begin XCConfigurationList section */
		18A1A89A204598B400AC93E2 /* Build configuration list for PBXProject "PlugPagCafe-Swift" */ = {
			isa = XCConfigurationList;
			buildConfigurations = (
				18A1A8AF204598B400AC93E2 /* Debug */,
				18A1A8B0204598B400AC93E2 /* Release */,
			);
			defaultConfigurationIsVisible = 0;
			defaultConfigurationName = Release;
		};
		18A1A8B1204598B400AC93E2 /* Build configuration list for PBXNativeTarget "PlugPagCafe-Swift" */ = {
			isa = XCConfigurationList;
			buildConfigurations = (
				18A1A8B2204598B400AC93E2 /* Debug */,
				18A1A8B3204598B400AC93E2 /* Release */,
			);
			defaultConfigurationIsVisible = 0;
			defaultConfigurationName = Release;
		};
/* End XCConfigurationList section */
	};
	rootObject = 18A1A897204598B400AC93E2 /* Project object */;
}
